
Microsoft Visual Studio Solution File, Format Version 12.00
Project("{FAE04EC0-301F-11D3-BF4B-00C04F79EFBC}") = "SigmaBallssGitHubPage.Blazor", "SigmaBallssGitHubPage.Blazor\SigmaBallssGitHubPage.Blazor.csproj", "{66B6555A-A4C8-4756-BAD9-E2E921F8F92C}"
EndProject
Global
	GlobalSection(SolutionConfigurationPlatforms) = preSolution
		Debug|Any CPU = Debug|Any CPU
		Release|Any CPU = Release|Any CPU
	EndGlobalSection
	GlobalSection(ProjectConfigurationPlatforms) = postSolution
		{66B6555A-A4C8-4756-BAD9-E2E921F8F92C}.Debug|Any CPU.ActiveCfg = Debug|Any CPU
		{66B6555A-A4C8-4756-BAD9-E2E921F8F92C}.Debug|Any CPU.Build.0 = Debug|Any CPU
		{66B6555A-A4C8-4756-BAD9-E2E921F8F92C}.Release|Any CPU.ActiveCfg = Release|Any CPU
		{66B6555A-A4C8-4756-BAD9-E2E921F8F92C}.Release|Any CPU.Build.0 = Release|Any CPU
	EndGlobalSection
EndGlobal
